# This file is automatically @generated by Wally.
# It is not intended for manual editing.
registry = "test"

[[package]]
name = "acwebber01/fastcast"
version = "1.0.1"
dependencies = [["PartCache", "megamonsta2/partcache@1.1.3"], ["Table", "megamonsta2/table@1.0.3"]]

[[package]]
name = "brittonfischer/profileservice"
version = "2.1.5"
dependencies = []

[[package]]
name = "darkestdev/bridgenet2"
version = "1.0.2"
dependencies = [["RemotePacketSizeCounter", "pysephwasntavailable/remotepacketsizecounter@2.4.1"], ["TableKit", "ffrostflame/tablekit@0.2.4"], ["wallyInstanceManager", "ffrostflame/wally-instance-manager@0.1.0"]]

[[package]]
name = "dervexhero/advancedspring"
version = "1.0.0"
dependencies = []

[[package]]
name = "evaera/promise"
version = "4.0.0"
dependencies = []

[[package]]
name = "ffrostflame/tablekit"
version = "0.2.4"
dependencies = []

[[package]]
name = "ffrostflame/wally-instance-manager"
version = "0.1.0"
dependencies = []

[[package]]
name = "kye/znb"
version = "0.1.0"
dependencies = [["advancedspring", "dervexhero/advancedspring@1.0.0"], ["bridgenet2", "darkestdev/bridgenet2@1.0.2"], ["fastcast", "acwebber01/fastcast@1.0.1"], ["knit", "sleitnick/knit@1.7.0"], ["partcache", "megamonsta2/partcache@1.1.3"], ["profileservice", "brittonfischer/profileservice@2.1.5"]]

[[package]]
name = "megamonsta2/partcache"
version = "1.1.3"
dependencies = [["Table", "megamonsta2/table@1.0.3"]]

[[package]]
name = "megamonsta2/table"
version = "1.0.3"
dependencies = []

[[package]]
name = "pysephwasntavailable/remotepacketsizecounter"
version = "2.4.1"
dependencies = []

[[package]]
name = "sleitnick/comm"
version = "1.0.1"
dependencies = [["Option", "sleitnick/option@1.0.5"], ["Promise", "evaera/promise@4.0.0"], ["Signal", "sleitnick/signal@2.0.3"]]

[[package]]
name = "sleitnick/knit"
version = "1.7.0"
dependencies = [["Comm", "sleitnick/comm@1.0.1"], ["Promise", "evaera/promise@4.0.0"]]

[[package]]
name = "sleitnick/option"
version = "1.0.5"
dependencies = []

[[package]]
name = "sleitnick/signal"
version = "2.0.3"
dependencies = []
